
Microsoft Visual Studio Solution File, Format Version 12.00
# Visual Studio Version 17
VisualStudioVersion = 17.9.34723.18
MinimumVisualStudioVersion = 10.0.40219.1
Project("{FAE04EC0-301F-11D3-BF4B-00C04F79EFBC}") = "NorthwindWebApp", "NorthwindWebApp\NorthwindWebApp.csproj", "{AD68EF06-7D35-4B52-A539-82BF0CBB3480}"
EndProject
Global
	GlobalSection(SolutionConfigurationPlatforms) = preSolution
		Debug|Any CPU = Debug|Any CPU
		Release|Any CPU = Release|Any CPU
	EndGlobalSection
	GlobalSection(ProjectConfigurationPlatforms) = postSolution
		{AD68EF06-7D35-4B52-A539-82BF0CBB3480}.Debug|Any CPU.ActiveCfg = Debug|Any CPU
		{AD68EF06-7D35-4B52-A539-82BF0CBB3480}.Debug|Any CPU.Build.0 = Debug|Any CPU
		{AD68EF06-7D35-4B52-A539-82BF0CBB3480}.Release|Any CPU.ActiveCfg = Release|Any CPU
		{AD68EF06-7D35-4B52-A539-82BF0CBB3480}.Release|Any CPU.Build.0 = Release|Any CPU
	EndGlobalSection
	GlobalSection(SolutionProperties) = preSolution
		HideSolutionNode = FALSE
	EndGlobalSection
	GlobalSection(ExtensibilityGlobals) = postSolution
		SolutionGuid = {A75ABD6B-A88C-417F-A19E-3C8BA449F097}
	EndGlobalSection
EndGlobal
